
Microsoft Visual Studio Solution File, Format Version 12.00
# Visual Studio Version 17
VisualStudioVersion = 17.3.32929.385
MinimumVisualStudioVersion = 10.0.40219.1
Project("{FAE04EC0-301F-11D3-BF4B-00C04F79EFBC}") = "GraspWay", "GraspWay.csproj", "{7FEA42AB-9A51-4B39-8EFB-D9FF5CB44C7C}"
EndProject
Project("{FAE04EC0-301F-11D3-BF4B-00C04F79EFBC}") = "GraspWayDataAccessLayer", "..\GraspWayDataAccessLayer\GraspWayDataAccessLayer.csproj", "{6942B26D-08C8-4857-8FE3-238B2F096E58}"
EndProject
Project("{FAE04EC0-301F-11D3-BF4B-00C04F79EFBC}") = "GraspWayBusinessLogicLayer", "..\GraspWayBusinessLogicLayer\GraspWayBusinessLogicLayer.csproj", "{D45899C6-46A6-4F27-B696-B738CEC30B0E}"
EndProject
Global
	GlobalSection(SolutionConfigurationPlatforms) = preSolution
		Debug|Any CPU = Debug|Any CPU
		Release|Any CPU = Release|Any CPU
	EndGlobalSection
	GlobalSection(ProjectConfigurationPlatforms) = postSolution
		{7FEA42AB-9A51-4B39-8EFB-D9FF5CB44C7C}.Debug|Any CPU.ActiveCfg = Debug|Any CPU
		{7FEA42AB-9A51-4B39-8EFB-D9FF5CB44C7C}.Debug|Any CPU.Build.0 = Debug|Any CPU
		{7FEA42AB-9A51-4B39-8EFB-D9FF5CB44C7C}.Release|Any CPU.ActiveCfg = Release|Any CPU
		{7FEA42AB-9A51-4B39-8EFB-D9FF5CB44C7C}.Release|Any CPU.Build.0 = Release|Any CPU
		{6942B26D-08C8-4857-8FE3-238B2F096E58}.Debug|Any CPU.ActiveCfg = Debug|Any CPU
		{6942B26D-08C8-4857-8FE3-238B2F096E58}.Debug|Any CPU.Build.0 = Debug|Any CPU
		{6942B26D-08C8-4857-8FE3-238B2F096E58}.Release|Any CPU.ActiveCfg = Release|Any CPU
		{6942B26D-08C8-4857-8FE3-238B2F096E58}.Release|Any CPU.Build.0 = Release|Any CPU
		{D45899C6-46A6-4F27-B696-B738CEC30B0E}.Debug|Any CPU.ActiveCfg = Debug|Any CPU
		{D45899C6-46A6-4F27-B696-B738CEC30B0E}.Debug|Any CPU.Build.0 = Debug|Any CPU
		{D45899C6-46A6-4F27-B696-B738CEC30B0E}.Release|Any CPU.ActiveCfg = Release|Any CPU
		{D45899C6-46A6-4F27-B696-B738CEC30B0E}.Release|Any CPU.Build.0 = Release|Any CPU
	EndGlobalSection
	GlobalSection(SolutionProperties) = preSolution
		HideSolutionNode = FALSE
	EndGlobalSection
	GlobalSection(ExtensibilityGlobals) = postSolution
		SolutionGuid = {C0C55CC1-3022-46FA-9F76-DCE44DBEE056}
	EndGlobalSection
EndGlobal
